
Microsoft Visual Studio Solution File, Format Version 11.00
# Visual C# Express 2010
Project("{FAE04EC0-301F-11D3-BF4B-00C04F79EFBC}") = "TSGeoIP", "TSGeoIP\TSGeoIP.csproj", "{1CE24003-0EC2-4A05-BB59-0C6DBA5CF1AF}"
EndProject
Global
	GlobalSection(SolutionConfigurationPlatforms) = preSolution
		Debug|Any CPU = Debug|Any CPU
		Release|Any CPU = Release|Any CPU
	EndGlobalSection
	GlobalSection(ProjectConfigurationPlatforms) = postSolution
		{1CE24003-0EC2-4A05-BB59-0C6DBA5CF1AF}.Debug|Any CPU.ActiveCfg = Debug|Any CPU
		{1CE24003-0EC2-4A05-BB59-0C6DBA5CF1AF}.Debug|Any CPU.Build.0 = Debug|Any CPU
		{1CE24003-0EC2-4A05-BB59-0C6DBA5CF1AF}.Release|Any CPU.ActiveCfg = Release|Any CPU
		{1CE24003-0EC2-4A05-BB59-0C6DBA5CF1AF}.Release|Any CPU.Build.0 = Release|Any CPU
	EndGlobalSection
	GlobalSection(SolutionProperties) = preSolution
		HideSolutionNode = FALSE
	EndGlobalSection
EndGlobal
